PODS:
  - Blockstack (0.4.0):
    - CryptoSwift
  - CryptoSwift (0.13.1)

DEPENDENCIES:
  - Blockstack

SPEC REPOS:
  https://github.com/cocoapods/specs.git:
    - Blockstack
    - CryptoSwift

SPEC CHECKSUMS:
  Blockstack: b81a4d7033e5572823dd220b47acb09c8295bb19
  CryptoSwift: ff68c35a53e03177d31aaa2c1e8b3e010aeed6cb

PODFILE CHECKSUM: 9aa4b857787870d094b576796a18b22130452eba

COCOAPODS: 1.5.3
